
Microsoft Visual Studio Solution File, Format Version 12.00
# Visual Studio Version 16
VisualStudioVersion = 16.0.31129.286
MinimumVisualStudioVersion = 10.0.40219.1
Project("{FAE04EC0-301F-11D3-BF4B-00C04F79EFBC}") = "ArrayOperations", "ArrayOperations\ArrayOperations.csproj", "{9A1D80FF-4BDB-4569-A140-1F672EE50FCF}"
EndProject
Global
	GlobalSection(SolutionConfigurationPlatforms) = preSolution
		Debug|Any CPU = Debug|Any CPU
		Release|Any CPU = Release|Any CPU
	EndGlobalSection
	GlobalSection(ProjectConfigurationPlatforms) = postSolution
		{9A1D80FF-4BDB-4569-A140-1F672EE50FCF}.Debug|Any CPU.ActiveCfg = Debug|Any CPU
		{9A1D80FF-4BDB-4569-A140-1F672EE50FCF}.Debug|Any CPU.Build.0 = Debug|Any CPU
		{9A1D80FF-4BDB-4569-A140-1F672EE50FCF}.Release|Any CPU.ActiveCfg = Release|Any CPU
		{9A1D80FF-4BDB-4569-A140-1F672EE50FCF}.Release|Any CPU.Build.0 = Release|Any CPU
	EndGlobalSection
	GlobalSection(SolutionProperties) = preSolution
		HideSolutionNode = FALSE
	EndGlobalSection
	GlobalSection(ExtensibilityGlobals) = postSolution
		SolutionGuid = {EAD2C962-75B6-4F9A-8093-D22931DB360E}
	EndGlobalSection
EndGlobal
